
Microsoft Visual Studio Solution File, Format Version 12.00
# Visual Studio Version 16
VisualStudioVersion = 16.0.30114.105
MinimumVisualStudioVersion = 10.0.40219.1
Project("{FAE04EC0-301F-11D3-BF4B-00C04F79EFBC}") = "yeong-common-library", "yeong-common-library\yeong-common-library.csproj", "{5BD6E2F6-F42A-4897-8910-845388AB5474}"
EndProject
Project("{FAE04EC0-301F-11D3-BF4B-00C04F79EFBC}") = "TodoList", "to-do-list-api\TodoList.csproj", "{13C6A5B7-677E-4AA9-A85D-44E14D0419F6}"
EndProject
Project("{FAE04EC0-301F-11D3-BF4B-00C04F79EFBC}") = "websocket-api", "websocket-api\websocket-api.csproj", "{584EB12C-AA96-42EA-BDE5-436BD853D92D}"
EndProject
Global
	GlobalSection(SolutionConfigurationPlatforms) = preSolution
		Debug|Any CPU = Debug|Any CPU
		Release|Any CPU = Release|Any CPU
	EndGlobalSection
	GlobalSection(SolutionProperties) = preSolution
		HideSolutionNode = FALSE
	EndGlobalSection
	GlobalSection(ProjectConfigurationPlatforms) = postSolution
		{5BD6E2F6-F42A-4897-8910-845388AB5474}.Debug|Any CPU.ActiveCfg = Debug|Any CPU
		{5BD6E2F6-F42A-4897-8910-845388AB5474}.Debug|Any CPU.Build.0 = Debug|Any CPU
		{5BD6E2F6-F42A-4897-8910-845388AB5474}.Release|Any CPU.ActiveCfg = Release|Any CPU
		{5BD6E2F6-F42A-4897-8910-845388AB5474}.Release|Any CPU.Build.0 = Release|Any CPU
		{13C6A5B7-677E-4AA9-A85D-44E14D0419F6}.Debug|Any CPU.ActiveCfg = Debug|Any CPU
		{13C6A5B7-677E-4AA9-A85D-44E14D0419F6}.Debug|Any CPU.Build.0 = Debug|Any CPU
		{13C6A5B7-677E-4AA9-A85D-44E14D0419F6}.Release|Any CPU.ActiveCfg = Release|Any CPU
		{13C6A5B7-677E-4AA9-A85D-44E14D0419F6}.Release|Any CPU.Build.0 = Release|Any CPU
		{584EB12C-AA96-42EA-BDE5-436BD853D92D}.Debug|Any CPU.ActiveCfg = Debug|Any CPU
		{584EB12C-AA96-42EA-BDE5-436BD853D92D}.Debug|Any CPU.Build.0 = Debug|Any CPU
		{584EB12C-AA96-42EA-BDE5-436BD853D92D}.Release|Any CPU.ActiveCfg = Release|Any CPU
		{584EB12C-AA96-42EA-BDE5-436BD853D92D}.Release|Any CPU.Build.0 = Release|Any CPU
	EndGlobalSection
EndGlobal
